
Microsoft Visual Studio Solution File, Format Version 12.00
# Visual Studio Version 17
VisualStudioVersion = 17.14.36414.22
MinimumVisualStudioVersion = 10.0.40219.1
Project("{FAE04EC0-301F-11D3-BF4B-00C04F79EFBC}") = "GCGens", "GCGens\GCGens.csproj", "{1045B449-73CF-47E2-B5C3-F4FA6A4E36D8}"
EndProject
Project("{FAE04EC0-301F-11D3-BF4B-00C04F79EFBC}") = "LOH (Large Object Heap)", "LOH (Large Object Heap)\LOH (Large Object Heap).csproj", "{E3BBED5D-7852-44F5-ACD6-7084240CCA19}"
EndProject
Project("{FAE04EC0-301F-11D3-BF4B-00C04F79EFBC}") = "MemoryAndSpanStackallloc", "MemoryAndSpan\MemoryAndSpanStackallloc.csproj", "{22834041-3623-46FB-96FF-0A8D5A9C752D}"
EndProject
Project("{FAE04EC0-301F-11D3-BF4B-00C04F79EFBC}") = "FinalizerDestructorAndDispose", "FinalizerDestructorAndDispose\FinalizerDestructorAndDispose.csproj", "{68FB21EA-3F98-485F-A8E0-A9ABCFCE0110}"
EndProject
Project("{FAE04EC0-301F-11D3-BF4B-00C04F79EFBC}") = "WeekReference", "WeekReference\WeekReference.csproj", "{F6811897-672A-4BE5-AED0-6C7422B389DB}"
EndProject
Project("{FAE04EC0-301F-11D3-BF4B-00C04F79EFBC}") = "MultiThreadRaceConditionDeadlock", "MultiThreadRaceConditionDeadlock\MultiThreadRaceConditionDeadlock.csproj", "{2A8E29B8-E4C0-4359-A756-6A6AED53F678}"
EndProject
Project("{FAE04EC0-301F-11D3-BF4B-00C04F79EFBC}") = "ReaderWriterLockSlimVsLock", "ReaderWriterLockSlimVsLock\ReaderWriterLockSlimVsLock.csproj", "{8EB7DFF6-72F2-40A2-927B-C2CA2DEFF6EF}"
EndProject
Project("{FAE04EC0-301F-11D3-BF4B-00C04F79EFBC}") = "Volatile", "Volatile\Volatile.csproj", "{C62A3BFE-A418-4C68-A0E1-1BE64B34B604}"
EndProject
Project("{FAE04EC0-301F-11D3-BF4B-00C04F79EFBC}") = "TplPlinq", "TplPlinq\TplPlinq.csproj", "{52443D84-0C52-4EEB-BBA6-2455DD1B0CF0}"
EndProject
Project("{FAE04EC0-301F-11D3-BF4B-00C04F79EFBC}") = "AOP-Aspect-Oriented-Programing", "AOP-Aspect-Oriented-Programing\AOP-Aspect-Oriented-Programing.csproj", "{842A9145-2C7A-4C13-8A17-8F4FC788CC21}"
EndProject
Project("{FAE04EC0-301F-11D3-BF4B-00C04F79EFBC}") = "CQRS", "CQRS\CQRS.csproj", "{E7F6BA84-460E-49D8-8C6E-B36CF640675A}"
EndProject
Project("{FAE04EC0-301F-11D3-BF4B-00C04F79EFBC}") = "Eventual-Consistency", "Eventual-Consistency\Eventual-Consistency.csproj", "{7E2FE3D9-4719-4103-8CC0-F454D91E2664}"
EndProject
Project("{FAE04EC0-301F-11D3-BF4B-00C04F79EFBC}") = "Distributed-Caching-REDIS-VSIn-Memory Caching", "CacheExample\Distributed-Caching-REDIS-VSIn-Memory Caching.csproj", "{7BFD0A1C-CECD-4242-A212-3B897F3CFA37}"
EndProject
Project("{FAE04EC0-301F-11D3-BF4B-00C04F79EFBC}") = "ExpressionTree", "ExpressionTree\ExpressionTree.csproj", "{D2674C42-188B-467D-A1EF-43924D701D92}"
EndProject
Project("{FAE04EC0-301F-11D3-BF4B-00C04F79EFBC}") = "Roslyn", "Roslyn\Roslyn.csproj", "{5EC0AB24-2378-4CC7-A338-15F5343A04BB}"
EndProject
Project("{FAE04EC0-301F-11D3-BF4B-00C04F79EFBC}") = "HostVsGenericHost", "HostVsGenericHost\HostVsGenericHost.csproj", "{508C3620-7443-4292-96AD-A4C88C908161}"
EndProject
Project("{FAE04EC0-301F-11D3-BF4B-00C04F79EFBC}") = "gRPCClient", "gRPCClient\gRPCClient.csproj", "{8538053A-7885-43AB-B076-E4F497937DE0}"
EndProject
Project("{FAE04EC0-301F-11D3-BF4B-00C04F79EFBC}") = "gRPCHost", "gRPCHost\gRPCHost.csproj", "{AE4FE953-D0CA-421E-8CAE-767DD1F9462C}"
EndProject
Project("{FAE04EC0-301F-11D3-BF4B-00C04F79EFBC}") = "SignalR.Client", "SignalR.Client\SignalR.Client.csproj", "{E0D40A29-7FA5-4658-B51A-BD6F76825809}"
EndProject
Project("{FAE04EC0-301F-11D3-BF4B-00C04F79EFBC}") = "SignalR.Host", "SignalR.Host\SignalR.Host.csproj", "{D343012E-5E81-4F39-9BC7-407BD9B06338}"
EndProject
Project("{FAE04EC0-301F-11D3-BF4B-00C04F79EFBC}") = "JWT", "JWT\JWT.csproj", "{FC35E887-2F9C-4775-894B-AE61C936444D}"
EndProject
Project("{FAE04EC0-301F-11D3-BF4B-00C04F79EFBC}") = "UnitIntegrationFunctionalTest", "UnitIntegrationFunctionalTest\UnitIntegrationFunctionalTest.csproj", "{750A3AFA-1012-4D23-861A-A8D77E38E619}"
EndProject
Project("{FAE04EC0-301F-11D3-BF4B-00C04F79EFBC}") = "Moq-Substitute", "Moq-Substitute\Moq-Substitute.csproj", "{0992A692-1A1B-47B0-BDD4-B122956CFBAB}"
EndProject
Project("{FAE04EC0-301F-11D3-BF4B-00C04F79EFBC}") = "IHttpClientFactory-polly", "IHttpClientFactory-polly\IHttpClientFactory-polly.csproj", "{F8977B5C-FC84-4B5A-AE8C-088A4F308D55}"
EndProject
Project("{FAE04EC0-301F-11D3-BF4B-00C04F79EFBC}") = "PatternMatching", "PatternMatching\PatternMatching.csproj", "{5F221F32-C6A6-4155-912D-EFB85DA70493}"
EndProject
Project("{2150E333-8FDC-42A3-9474-1A3956D46DE8}") = "DesignPatterns", "DesignPatterns", "{02EA681E-C7D8-13C7-8484-4AC65E1B71E8}"
EndProject
Global
	GlobalSection(SolutionConfigurationPlatforms) = preSolution
		Debug|Any CPU = Debug|Any CPU
		Release|Any CPU = Release|Any CPU
	EndGlobalSection
	GlobalSection(ProjectConfigurationPlatforms) = postSolution
		{1045B449-73CF-47E2-B5C3-F4FA6A4E36D8}.Debug|Any CPU.ActiveCfg = Debug|Any CPU
		{1045B449-73CF-47E2-B5C3-F4FA6A4E36D8}.Debug|Any CPU.Build.0 = Debug|Any CPU
		{1045B449-73CF-47E2-B5C3-F4FA6A4E36D8}.Release|Any CPU.ActiveCfg = Release|Any CPU
		{1045B449-73CF-47E2-B5C3-F4FA6A4E36D8}.Release|Any CPU.Build.0 = Release|Any CPU
		{E3BBED5D-7852-44F5-ACD6-7084240CCA19}.Debug|Any CPU.ActiveCfg = Debug|Any CPU
		{E3BBED5D-7852-44F5-ACD6-7084240CCA19}.Debug|Any CPU.Build.0 = Debug|Any CPU
		{E3BBED5D-7852-44F5-ACD6-7084240CCA19}.Release|Any CPU.ActiveCfg = Release|Any CPU
		{E3BBED5D-7852-44F5-ACD6-7084240CCA19}.Release|Any CPU.Build.0 = Release|Any CPU
		{22834041-3623-46FB-96FF-0A8D5A9C752D}.Debug|Any CPU.ActiveCfg = Debug|Any CPU
		{22834041-3623-46FB-96FF-0A8D5A9C752D}.Debug|Any CPU.Build.0 = Debug|Any CPU
		{22834041-3623-46FB-96FF-0A8D5A9C752D}.Release|Any CPU.ActiveCfg = Release|Any CPU
		{22834041-3623-46FB-96FF-0A8D5A9C752D}.Release|Any CPU.Build.0 = Release|Any CPU
		{68FB21EA-3F98-485F-A8E0-A9ABCFCE0110}.Debug|Any CPU.ActiveCfg = Debug|Any CPU
		{68FB21EA-3F98-485F-A8E0-A9ABCFCE0110}.Debug|Any CPU.Build.0 = Debug|Any CPU
		{68FB21EA-3F98-485F-A8E0-A9ABCFCE0110}.Release|Any CPU.ActiveCfg = Release|Any CPU
		{68FB21EA-3F98-485F-A8E0-A9ABCFCE0110}.Release|Any CPU.Build.0 = Release|Any CPU
		{F6811897-672A-4BE5-AED0-6C7422B389DB}.Debug|Any CPU.ActiveCfg = Debug|Any CPU
		{F6811897-672A-4BE5-AED0-6C7422B389DB}.Debug|Any CPU.Build.0 = Debug|Any CPU
		{F6811897-672A-4BE5-AED0-6C7422B389DB}.Release|Any CPU.ActiveCfg = Release|Any CPU
		{F6811897-672A-4BE5-AED0-6C7422B389DB}.Release|Any CPU.Build.0 = Release|Any CPU
		{2A8E29B8-E4C0-4359-A756-6A6AED53F678}.Debug|Any CPU.ActiveCfg = Debug|Any CPU
		{2A8E29B8-E4C0-4359-A756-6A6AED53F678}.Debug|Any CPU.Build.0 = Debug|Any CPU
		{2A8E29B8-E4C0-4359-A756-6A6AED53F678}.Release|Any CPU.ActiveCfg = Release|Any CPU
		{2A8E29B8-E4C0-4359-A756-6A6AED53F678}.Release|Any CPU.Build.0 = Release|Any CPU
		{8EB7DFF6-72F2-40A2-927B-C2CA2DEFF6EF}.Debug|Any CPU.ActiveCfg = Debug|Any CPU
		{8EB7DFF6-72F2-40A2-927B-C2CA2DEFF6EF}.Debug|Any CPU.Build.0 = Debug|Any CPU
		{8EB7DFF6-72F2-40A2-927B-C2CA2DEFF6EF}.Release|Any CPU.ActiveCfg = Release|Any CPU
		{8EB7DFF6-72F2-40A2-927B-C2CA2DEFF6EF}.Release|Any CPU.Build.0 = Release|Any CPU
		{C62A3BFE-A418-4C68-A0E1-1BE64B34B604}.Debug|Any CPU.ActiveCfg = Debug|Any CPU
		{C62A3BFE-A418-4C68-A0E1-1BE64B34B604}.Debug|Any CPU.Build.0 = Debug|Any CPU
		{C62A3BFE-A418-4C68-A0E1-1BE64B34B604}.Release|Any CPU.ActiveCfg = Release|Any CPU
		{C62A3BFE-A418-4C68-A0E1-1BE64B34B604}.Release|Any CPU.Build.0 = Release|Any CPU
		{52443D84-0C52-4EEB-BBA6-2455DD1B0CF0}.Debug|Any CPU.ActiveCfg = Debug|Any CPU
		{52443D84-0C52-4EEB-BBA6-2455DD1B0CF0}.Debug|Any CPU.Build.0 = Debug|Any CPU
		{52443D84-0C52-4EEB-BBA6-2455DD1B0CF0}.Release|Any CPU.ActiveCfg = Release|Any CPU
		{52443D84-0C52-4EEB-BBA6-2455DD1B0CF0}.Release|Any CPU.Build.0 = Release|Any CPU
		{842A9145-2C7A-4C13-8A17-8F4FC788CC21}.Debug|Any CPU.ActiveCfg = Debug|Any CPU
		{842A9145-2C7A-4C13-8A17-8F4FC788CC21}.Debug|Any CPU.Build.0 = Debug|Any CPU
		{842A9145-2C7A-4C13-8A17-8F4FC788CC21}.Release|Any CPU.ActiveCfg = Release|Any CPU
		{842A9145-2C7A-4C13-8A17-8F4FC788CC21}.Release|Any CPU.Build.0 = Release|Any CPU
		{E7F6BA84-460E-49D8-8C6E-B36CF640675A}.Debug|Any CPU.ActiveCfg = Debug|Any CPU
		{E7F6BA84-460E-49D8-8C6E-B36CF640675A}.Debug|Any CPU.Build.0 = Debug|Any CPU
		{E7F6BA84-460E-49D8-8C6E-B36CF640675A}.Release|Any CPU.ActiveCfg = Release|Any CPU
		{E7F6BA84-460E-49D8-8C6E-B36CF640675A}.Release|Any CPU.Build.0 = Release|Any CPU
		{7E2FE3D9-4719-4103-8CC0-F454D91E2664}.Debug|Any CPU.ActiveCfg = Debug|Any CPU
		{7E2FE3D9-4719-4103-8CC0-F454D91E2664}.Debug|Any CPU.Build.0 = Debug|Any CPU
		{7E2FE3D9-4719-4103-8CC0-F454D91E2664}.Release|Any CPU.ActiveCfg = Release|Any CPU
		{7E2FE3D9-4719-4103-8CC0-F454D91E2664}.Release|Any CPU.Build.0 = Release|Any CPU
		{7BFD0A1C-CECD-4242-A212-3B897F3CFA37}.Debug|Any CPU.ActiveCfg = Debug|Any CPU
		{7BFD0A1C-CECD-4242-A212-3B897F3CFA37}.Debug|Any CPU.Build.0 = Debug|Any CPU
		{7BFD0A1C-CECD-4242-A212-3B897F3CFA37}.Release|Any CPU.ActiveCfg = Release|Any CPU
		{7BFD0A1C-CECD-4242-A212-3B897F3CFA37}.Release|Any CPU.Build.0 = Release|Any CPU
		{D2674C42-188B-467D-A1EF-43924D701D92}.Debug|Any CPU.ActiveCfg = Debug|Any CPU
		{D2674C42-188B-467D-A1EF-43924D701D92}.Debug|Any CPU.Build.0 = Debug|Any CPU
		{D2674C42-188B-467D-A1EF-43924D701D92}.Release|Any CPU.ActiveCfg = Release|Any CPU
		{D2674C42-188B-467D-A1EF-43924D701D92}.Release|Any CPU.Build.0 = Release|Any CPU
		{5EC0AB24-2378-4CC7-A338-15F5343A04BB}.Debug|Any CPU.ActiveCfg = Debug|Any CPU
		{5EC0AB24-2378-4CC7-A338-15F5343A04BB}.Debug|Any CPU.Build.0 = Debug|Any CPU
		{5EC0AB24-2378-4CC7-A338-15F5343A04BB}.Release|Any CPU.ActiveCfg = Release|Any CPU
		{5EC0AB24-2378-4CC7-A338-15F5343A04BB}.Release|Any CPU.Build.0 = Release|Any CPU
		{508C3620-7443-4292-96AD-A4C88C908161}.Debug|Any CPU.ActiveCfg = Debug|Any CPU
		{508C3620-7443-4292-96AD-A4C88C908161}.Debug|Any CPU.Build.0 = Debug|Any CPU
		{508C3620-7443-4292-96AD-A4C88C908161}.Release|Any CPU.ActiveCfg = Release|Any CPU
		{508C3620-7443-4292-96AD-A4C88C908161}.Release|Any CPU.Build.0 = Release|Any CPU
		{8538053A-7885-43AB-B076-E4F497937DE0}.Debug|Any CPU.ActiveCfg = Debug|Any CPU
		{8538053A-7885-43AB-B076-E4F497937DE0}.Debug|Any CPU.Build.0 = Debug|Any CPU
		{8538053A-7885-43AB-B076-E4F497937DE0}.Release|Any CPU.ActiveCfg = Release|Any CPU
		{8538053A-7885-43AB-B076-E4F497937DE0}.Release|Any CPU.Build.0 = Release|Any CPU
		{AE4FE953-D0CA-421E-8CAE-767DD1F9462C}.Debug|Any CPU.ActiveCfg = Debug|Any CPU
		{AE4FE953-D0CA-421E-8CAE-767DD1F9462C}.Debug|Any CPU.Build.0 = Debug|Any CPU
		{AE4FE953-D0CA-421E-8CAE-767DD1F9462C}.Release|Any CPU.ActiveCfg = Release|Any CPU
		{AE4FE953-D0CA-421E-8CAE-767DD1F9462C}.Release|Any CPU.Build.0 = Release|Any CPU
		{E0D40A29-7FA5-4658-B51A-BD6F76825809}.Debug|Any CPU.ActiveCfg = Debug|Any CPU
		{E0D40A29-7FA5-4658-B51A-BD6F76825809}.Debug|Any CPU.Build.0 = Debug|Any CPU
		{E0D40A29-7FA5-4658-B51A-BD6F76825809}.Release|Any CPU.ActiveCfg = Release|Any CPU
		{E0D40A29-7FA5-4658-B51A-BD6F76825809}.Release|Any CPU.Build.0 = Release|Any CPU
		{D343012E-5E81-4F39-9BC7-407BD9B06338}.Debug|Any CPU.ActiveCfg = Debug|Any CPU
		{D343012E-5E81-4F39-9BC7-407BD9B06338}.Debug|Any CPU.Build.0 = Debug|Any CPU
		{D343012E-5E81-4F39-9BC7-407BD9B06338}.Release|Any CPU.ActiveCfg = Release|Any CPU
		{D343012E-5E81-4F39-9BC7-407BD9B06338}.Release|Any CPU.Build.0 = Release|Any CPU
		{FC35E887-2F9C-4775-894B-AE61C936444D}.Debug|Any CPU.ActiveCfg = Debug|Any CPU
		{FC35E887-2F9C-4775-894B-AE61C936444D}.Debug|Any CPU.Build.0 = Debug|Any CPU
		{FC35E887-2F9C-4775-894B-AE61C936444D}.Release|Any CPU.ActiveCfg = Release|Any CPU
		{FC35E887-2F9C-4775-894B-AE61C936444D}.Release|Any CPU.Build.0 = Release|Any CPU
		{750A3AFA-1012-4D23-861A-A8D77E38E619}.Debug|Any CPU.ActiveCfg = Debug|Any CPU
		{750A3AFA-1012-4D23-861A-A8D77E38E619}.Debug|Any CPU.Build.0 = Debug|Any CPU
		{750A3AFA-1012-4D23-861A-A8D77E38E619}.Release|Any CPU.ActiveCfg = Release|Any CPU
		{750A3AFA-1012-4D23-861A-A8D77E38E619}.Release|Any CPU.Build.0 = Release|Any CPU
		{0992A692-1A1B-47B0-BDD4-B122956CFBAB}.Debug|Any CPU.ActiveCfg = Debug|Any CPU
		{0992A692-1A1B-47B0-BDD4-B122956CFBAB}.Debug|Any CPU.Build.0 = Debug|Any CPU
		{0992A692-1A1B-47B0-BDD4-B122956CFBAB}.Release|Any CPU.ActiveCfg = Release|Any CPU
		{0992A692-1A1B-47B0-BDD4-B122956CFBAB}.Release|Any CPU.Build.0 = Release|Any CPU
		{F8977B5C-FC84-4B5A-AE8C-088A4F308D55}.Debug|Any CPU.ActiveCfg = Debug|Any CPU
		{F8977B5C-FC84-4B5A-AE8C-088A4F308D55}.Debug|Any CPU.Build.0 = Debug|Any CPU
		{F8977B5C-FC84-4B5A-AE8C-088A4F308D55}.Release|Any CPU.ActiveCfg = Release|Any CPU
		{F8977B5C-FC84-4B5A-AE8C-088A4F308D55}.Release|Any CPU.Build.0 = Release|Any CPU
		{5F221F32-C6A6-4155-912D-EFB85DA70493}.Debug|Any CPU.ActiveCfg = Debug|Any CPU
		{5F221F32-C6A6-4155-912D-EFB85DA70493}.Debug|Any CPU.Build.0 = Debug|Any CPU
		{5F221F32-C6A6-4155-912D-EFB85DA70493}.Release|Any CPU.ActiveCfg = Release|Any CPU
		{5F221F32-C6A6-4155-912D-EFB85DA70493}.Release|Any CPU.Build.0 = Release|Any CPU
	EndGlobalSection
	GlobalSection(SolutionProperties) = preSolution
		HideSolutionNode = FALSE
	EndGlobalSection
	GlobalSection(ExtensibilityGlobals) = postSolution
		SolutionGuid = {FE54F184-C0A3-45C9-9F8B-519F504D7CBE}
	EndGlobalSection
EndGlobal
